// !$*UTF8*$!
{
	archiveVersion = 1;
	classes = {
	};
	objectVersion = 56;
	objects = {

/* Begin PBXBuildFile section */
		520314372C465962005E621B /* CurrenciesViewModel.swift in Sources */ = {isa = PBXBuildFile; fileRef = 520314362C465962005E621B /* CurrenciesViewModel.swift */; };
		525599252C47B01B00F9D2B4 /* ToastView.swift in Sources */ = {isa = PBXBuildFile; fileRef = 525599242C47B01B00F9D2B4 /* ToastView.swift */; };
		525599272C47BB1800F9D2B4 /* ToastModifier.swift in Sources */ = {isa = PBXBuildFile; fileRef = 525599262C47BB1800F9D2B4 /* ToastModifier.swift */; };
		5255992A2C47BC3A00F9D2B4 /* View+Toast.swift in Sources */ = {isa = PBXBuildFile; fileRef = 525599292C47BC3A00F9D2B4 /* View+Toast.swift */; };
		5255992D2C47C00D00F9D2B4 /* NetworkMonitor.swift in Sources */ = {isa = PBXBuildFile; fileRef = 5255992C2C47C00D00F9D2B4 /* NetworkMonitor.swift */; };
		5255992F2C47C58300F9D2B4 /* View+Keyboard.swift in Sources */ = {isa = PBXBuildFile; fileRef = 5255992E2C47C58300F9D2B4 /* View+Keyboard.swift */; };
		52A4AA592C45945400E477B1 /* CurrencyInfoView.swift in Sources */ = {isa = PBXBuildFile; fileRef = 52A4AA582C45945400E477B1 /* CurrencyInfoView.swift */; };
		52B27DE32C3FBF63000C23BF /* RPConverterApp.swift in Sources */ = {isa = PBXBuildFile; fileRef = 52B27DE22C3FBF63000C23BF /* RPConverterApp.swift */; };
		52B27DE72C3FBF64000C23BF /* Assets.xcassets in Resources */ = {isa = PBXBuildFile; fileRef = 52B27DE62C3FBF64000C23BF /* Assets.xcassets */; };
		52B27DEA2C3FBF64000C23BF /* Preview Assets.xcassets in Resources */ = {isa = PBXBuildFile; fileRef = 52B27DE92C3FBF64000C23BF /* Preview Assets.xcassets */; };
		52B27DF42C3FC013000C23BF /* RPCurrency.swift in Sources */ = {isa = PBXBuildFile; fileRef = 52B27DF32C3FC013000C23BF /* RPCurrency.swift */; };
		52B27DF72C3FC037000C23BF /* CurrencyConversionRequest.swift in Sources */ = {isa = PBXBuildFile; fileRef = 52B27DF62C3FC037000C23BF /* CurrencyConversionRequest.swift */; };
		52B27DF92C3FC04B000C23BF /* CurrencyConversionResponse.swift in Sources */ = {isa = PBXBuildFile; fileRef = 52B27DF82C3FC04B000C23BF /* CurrencyConversionResponse.swift */; };
		52B27DFD2C3FC0B3000C23BF /* NumberFormatterService.swift in Sources */ = {isa = PBXBuildFile; fileRef = 52B27DFC2C3FC0B3000C23BF /* NumberFormatterService.swift */; };
		52B27E032C3FC166000C23BF /* CountryCellView.swift in Sources */ = {isa = PBXBuildFile; fileRef = 52B27E022C3FC166000C23BF /* CountryCellView.swift */; };
		52B27E052C3FC785000C23BF /* CountryCellViewModel.swift in Sources */ = {isa = PBXBuildFile; fileRef = 52B27E042C3FC785000C23BF /* CountryCellViewModel.swift */; };
		52B27E0C2C3FCB95000C23BF /* CurrenciesView.swift in Sources */ = {isa = PBXBuildFile; fileRef = 52B27E0B2C3FCB95000C23BF /* CurrenciesView.swift */; };
		52B27E102C3FDC83000C23BF /* ConverterView.swift in Sources */ = {isa = PBXBuildFile; fileRef = 52B27E0F2C3FDC83000C23BF /* ConverterView.swift */; };
		52B27E132C3FEFB7000C23BF /* Endpoint.swift in Sources */ = {isa = PBXBuildFile; fileRef = 52B27E122C3FEFB7000C23BF /* Endpoint.swift */; };
		52B27E152C3FEFFD000C23BF /* NetworkService.swift in Sources */ = {isa = PBXBuildFile; fileRef = 52B27E142C3FEFFD000C23BF /* NetworkService.swift */; };
		52B27E172C3FF2BB000C23BF /* ConverterViewModel.swift in Sources */ = {isa = PBXBuildFile; fileRef = 52B27E162C3FF2BB000C23BF /* ConverterViewModel.swift */; };
		52B27E232C4504B5000C23BF /* CurrencyUITextField.swift in Sources */ = {isa = PBXBuildFile; fileRef = 52B27E222C4504B4000C23BF /* CurrencyUITextField.swift */; };
		52B27E252C45422A000C23BF /* CurrencyTextField.swift in Sources */ = {isa = PBXBuildFile; fileRef = 52B27E242C45422A000C23BF /* CurrencyTextField.swift */; };
/* End PBXBuildFile section */

/* Begin PBXFileReference section */
		520314362C465962005E621B /* CurrenciesViewModel.swift */ = {isa = PBXFileReference; lastKnownFileType = sourcecode.swift; path = CurrenciesViewModel.swift; sourceTree = "<group>"; };
		525599242C47B01B00F9D2B4 /* ToastView.swift */ = {isa = PBXFileReference; lastKnownFileType = sourcecode.swift; path = ToastView.swift; sourceTree = "<group>"; };
		525599262C47BB1800F9D2B4 /* ToastModifier.swift */ = {isa = PBXFileReference; lastKnownFileType = sourcecode.swift; path = ToastModifier.swift; sourceTree = "<group>"; };
		525599292C47BC3A00F9D2B4 /* View+Toast.swift */ = {isa = PBXFileReference; lastKnownFileType = sourcecode.swift; path = "View+Toast.swift"; sourceTree = "<group>"; };
		5255992C2C47C00D00F9D2B4 /* NetworkMonitor.swift */ = {isa = PBXFileReference; lastKnownFileType = sourcecode.swift; path = NetworkMonitor.swift; sourceTree = "<group>"; };
		5255992E2C47C58300F9D2B4 /* View+Keyboard.swift */ = {isa = PBXFileReference; lastKnownFileType = sourcecode.swift; path = "View+Keyboard.swift"; sourceTree = "<group>"; };
		52A4AA582C45945400E477B1 /* CurrencyInfoView.swift */ = {isa = PBXFileReference; lastKnownFileType = sourcecode.swift; path = CurrencyInfoView.swift; sourceTree = "<group>"; };
		52B27DDF2C3FBF63000C23BF /* RPConverter.app */ = {isa = PBXFileReference; explicitFileType = wrapper.application; includeInIndex = 0; path = RPConverter.app; sourceTree = BUILT_PRODUCTS_DIR; };
		52B27DE22C3FBF63000C23BF /* RPConverterApp.swift */ = {isa = PBXFileReference; lastKnownFileType = sourcecode.swift; path = RPConverterApp.swift; sourceTree = "<group>"; };
		52B27DE62C3FBF64000C23BF /* Assets.xcassets */ = {isa = PBXFileReference; lastKnownFileType = folder.assetcatalog; path = Assets.xcassets; sourceTree = "<group>"; };
		52B27DE92C3FBF64000C23BF /* Preview Assets.xcassets */ = {isa = PBXFileReference; lastKnownFileType = folder.assetcatalog; path = "Preview Assets.xcassets"; sourceTree = "<group>"; };
		52B27DF32C3FC013000C23BF /* RPCurrency.swift */ = {isa = PBXFileReference; lastKnownFileType = sourcecode.swift; path = RPCurrency.swift; sourceTree = "<group>"; };
		52B27DF62C3FC037000C23BF /* CurrencyConversionRequest.swift */ = {isa = PBXFileReference; lastKnownFileType = sourcecode.swift; path = CurrencyConversionRequest.swift; sourceTree = "<group>"; };
		52B27DF82C3FC04B000C23BF /* CurrencyConversionResponse.swift */ = {isa = PBXFileReference; lastKnownFileType = sourcecode.swift; path = CurrencyConversionResponse.swift; sourceTree = "<group>"; };
		52B27DFC2C3FC0B3000C23BF /* NumberFormatterService.swift */ = {isa = PBXFileReference; lastKnownFileType = sourcecode.swift; path = NumberFormatterService.swift; sourceTree = "<group>"; };
		52B27E022C3FC166000C23BF /* CountryCellView.swift */ = {isa = PBXFileReference; lastKnownFileType = sourcecode.swift; path = CountryCellView.swift; sourceTree = "<group>"; };
		52B27E042C3FC785000C23BF /* CountryCellViewModel.swift */ = {isa = PBXFileReference; lastKnownFileType = sourcecode.swift; path = CountryCellViewModel.swift; sourceTree = "<group>"; };
		52B27E0B2C3FCB95000C23BF /* CurrenciesView.swift */ = {isa = PBXFileReference; lastKnownFileType = sourcecode.swift; path = CurrenciesView.swift; sourceTree = "<group>"; };
		52B27E0F2C3FDC83000C23BF /* ConverterView.swift */ = {isa = PBXFileReference; lastKnownFileType = sourcecode.swift; path = ConverterView.swift; sourceTree = "<group>"; };
		52B27E122C3FEFB7000C23BF /* Endpoint.swift */ = {isa = PBXFileReference; lastKnownFileType = sourcecode.swift; path = Endpoint.swift; sourceTree = "<group>"; };
		52B27E142C3FEFFD000C23BF /* NetworkService.swift */ = {isa = PBXFileReference; lastKnownFileType = sourcecode.swift; path = NetworkService.swift; sourceTree = "<group>"; };
		52B27E162C3FF2BB000C23BF /* ConverterViewModel.swift */ = {isa = PBXFileReference; lastKnownFileType = sourcecode.swift; path = ConverterViewModel.swift; sourceTree = "<group>"; };
		52B27E222C4504B4000C23BF /* CurrencyUITextField.swift */ = {isa = PBXFileReference; lastKnownFileType = sourcecode.swift; path = CurrencyUITextField.swift; sourceTree = "<group>"; };
		52B27E242C45422A000C23BF /* CurrencyTextField.swift */ = {isa = PBXFileReference; lastKnownFileType = sourcecode.swift; path = CurrencyTextField.swift; sourceTree = "<group>"; };
/* End PBXFileReference section */

/* Begin PBXFrameworksBuildPhase section */
		52B27DDC2C3FBF63000C23BF /* Frameworks */ = {
			isa = PBXFrameworksBuildPhase;
			buildActionMask = 2147483647;
			files = (
			);
			runOnlyForDeploymentPostprocessing = 0;
		};
/* End PBXFrameworksBuildPhase section */

/* Begin PBXGroup section */
		525599232C47AFFC00F9D2B4 /* ToastView */ = {
			isa = PBXGroup;
			children = (
				525599242C47B01B00F9D2B4 /* ToastView.swift */,
				525599262C47BB1800F9D2B4 /* ToastModifier.swift */,
			);
			path = ToastView;
			sourceTree = "<group>";
		};
		525599282C47BC1F00F9D2B4 /* Extensions */ = {
			isa = PBXGroup;
			children = (
				525599292C47BC3A00F9D2B4 /* View+Toast.swift */,
				5255992E2C47C58300F9D2B4 /* View+Keyboard.swift */,
			);
			path = Extensions;
			sourceTree = "<group>";
		};
		5255992B2C47C00400F9D2B4 /* NetworkMonitor */ = {
			isa = PBXGroup;
			children = (
				5255992C2C47C00D00F9D2B4 /* NetworkMonitor.swift */,
			);
			path = NetworkMonitor;
			sourceTree = "<group>";
		};
		52A4AA572C45942500E477B1 /* TextFields */ = {
			isa = PBXGroup;
			children = (
				52B27E222C4504B4000C23BF /* CurrencyUITextField.swift */,
				52B27E242C45422A000C23BF /* CurrencyTextField.swift */,
			);
			path = TextFields;
			sourceTree = "<group>";
		};
		52B27DD62C3FBF63000C23BF = {
			isa = PBXGroup;
			children = (
				52B27DE12C3FBF63000C23BF /* RPConverter */,
				52B27DE02C3FBF63000C23BF /* Products */,
			);
			sourceTree = "<group>";
		};
		52B27DE02C3FBF63000C23BF /* Products */ = {
			isa = PBXGroup;
			children = (
				52B27DDF2C3FBF63000C23BF /* RPConverter.app */,
			);
			name = Products;
			sourceTree = "<group>";
		};
		52B27DE12C3FBF63000C23BF /* RPConverter */ = {
			isa = PBXGroup;
			children = (
				52B27DF02C3FBFB2000C23BF /* Application */,
				52B27DFA2C3FC065000C23BF /* Services */,
				52B27DF22C3FBFD0000C23BF /* Models */,
				52B27E062C3FC7A0000C23BF /* ReusableViews */,
				52B27DFE2C3FC0C8000C23BF /* Cells */,
				52B27DF12C3FBFBC000C23BF /* Views */,
				525599282C47BC1F00F9D2B4 /* Extensions */,
				52B27DFF2C3FC0FA000C23BF /* Assets */,
				52B27DE82C3FBF64000C23BF /* Preview Content */,
			);
			path = RPConverter;
			sourceTree = "<group>";
		};
		52B27DE82C3FBF64000C23BF /* Preview Content */ = {
			isa = PBXGroup;
			children = (
				52B27DE92C3FBF64000C23BF /* Preview Assets.xcassets */,
			);
			path = "Preview Content";
			sourceTree = "<group>";
		};
		52B27DF02C3FBFB2000C23BF /* Application */ = {
			isa = PBXGroup;
			children = (
				52B27DE22C3FBF63000C23BF /* RPConverterApp.swift */,
			);
			path = Application;
			sourceTree = "<group>";
		};
		52B27DF12C3FBFBC000C23BF /* Views */ = {
			isa = PBXGroup;
			children = (
				52B27E092C3FCB60000C23BF /* Converter */,
				52B27E0A2C3FCB66000C23BF /* Currencies */,
			);
			path = Views;
			sourceTree = "<group>";
		};
		52B27DF22C3FBFD0000C23BF /* Models */ = {
			isa = PBXGroup;
			children = (
				52B27DF32C3FC013000C23BF /* RPCurrency.swift */,
				52B27DF52C3FC02B000C23BF /* REST */,
			);
			path = Models;
			sourceTree = "<group>";
		};
		52B27DF52C3FC02B000C23BF /* REST */ = {
			isa = PBXGroup;
			children = (
				52B27DF62C3FC037000C23BF /* CurrencyConversionRequest.swift */,
				52B27DF82C3FC04B000C23BF /* CurrencyConversionResponse.swift */,
			);
			path = REST;
			sourceTree = "<group>";
		};
		52B27DFA2C3FC065000C23BF /* Services */ = {
			isa = PBXGroup;
			children = (
				5255992B2C47C00400F9D2B4 /* NetworkMonitor */,
				52B27E112C3FEFAA000C23BF /* Network */,
				52B27DFB2C3FC077000C23BF /* NumberFormatter */,
			);
			path = Services;
			sourceTree = "<group>";
		};
		52B27DFB2C3FC077000C23BF /* NumberFormatter */ = {
			isa = PBXGroup;
			children = (
				52B27DFC2C3FC0B3000C23BF /* NumberFormatterService.swift */,
			);
			path = NumberFormatter;
			sourceTree = "<group>";
		};
		52B27DFE2C3FC0C8000C23BF /* Cells */ = {
			isa = PBXGroup;
			children = (
				52B27E042C3FC785000C23BF /* CountryCellViewModel.swift */,
				52B27E022C3FC166000C23BF /* CountryCellView.swift */,
			);
			path = Cells;
			sourceTree = "<group>";
		};
		52B27DFF2C3FC0FA000C23BF /* Assets */ = {
			isa = PBXGroup;
			children = (
				52B27DE62C3FBF64000C23BF /* Assets.xcassets */,
			);
			path = Assets;
			sourceTree = "<group>";
		};
		52B27E062C3FC7A0000C23BF /* ReusableViews */ = {
			isa = PBXGroup;
			children = (
				525599232C47AFFC00F9D2B4 /* ToastView */,
				52A4AA572C45942500E477B1 /* TextFields */,
				52A4AA582C45945400E477B1 /* CurrencyInfoView.swift */,
			);
			path = ReusableViews;
			sourceTree = "<group>";
		};
		52B27E092C3FCB60000C23BF /* Converter */ = {
			isa = PBXGroup;
			children = (
				52B27E162C3FF2BB000C23BF /* ConverterViewModel.swift */,
				52B27E0F2C3FDC83000C23BF /* ConverterView.swift */,
			);
			path = Converter;
			sourceTree = "<group>";
		};
		52B27E0A2C3FCB66000C23BF /* Currencies */ = {
			isa = PBXGroup;
			children = (
				520314362C465962005E621B /* CurrenciesViewModel.swift */,
				52B27E0B2C3FCB95000C23BF /* CurrenciesView.swift */,
			);
			path = Currencies;
			sourceTree = "<group>";
		};
		52B27E112C3FEFAA000C23BF /* Network */ = {
			isa = PBXGroup;
			children = (
				52B27E142C3FEFFD000C23BF /* NetworkService.swift */,
				52B27E122C3FEFB7000C23BF /* Endpoint.swift */,
			);
			path = Network;
			sourceTree = "<group>";
		};
/* End PBXGroup section */

/* Begin PBXNativeTarget section */
		52B27DDE2C3FBF63000C23BF /* RPConverter */ = {
			isa = PBXNativeTarget;
			buildConfigurationList = 52B27DED2C3FBF64000C23BF /* Build configuration list for PBXNativeTarget "RPConverter" */;
			buildPhases = (
				52B27DDB2C3FBF63000C23BF /* Sources */,
				52B27DDC2C3FBF63000C23BF /* Frameworks */,
				52B27DDD2C3FBF63000C23BF /* Resources */,
			);
			buildRules = (
			);
			dependencies = (
			);
			name = RPConverter;
			productName = RPConverter;
			productReference = 52B27DDF2C3FBF63000C23BF /* RPConverter.app */;
			productType = "com.apple.product-type.application";
		};
/* End PBXNativeTarget section */

/* Begin PBXProject section */
		52B27DD72C3FBF63000C23BF /* Project object */ = {
			isa = PBXProject;
			attributes = {
				BuildIndependentTargetsInParallel = 1;
				LastSwiftUpdateCheck = 1540;
				LastUpgradeCheck = 1540;
				TargetAttributes = {
					52B27DDE2C3FBF63000C23BF = {
						CreatedOnToolsVersion = 15.4;
					};
				};
			};
			buildConfigurationList = 52B27DDA2C3FBF63000C23BF /* Build configuration list for PBXProject "RPConverter" */;
			compatibilityVersion = "Xcode 14.0";
			developmentRegion = en;
			hasScannedForEncodings = 0;
			knownRegions = (
				en,
				Base,
			);
			mainGroup = 52B27DD62C3FBF63000C23BF;
			productRefGroup = 52B27DE02C3FBF63000C23BF /* Products */;
			projectDirPath = "";
			projectRoot = "";
			targets = (
				52B27DDE2C3FBF63000C23BF /* RPConverter */,
			);
		};
/* End PBXProject section */

/* Begin PBXResourcesBuildPhase section */
		52B27DDD2C3FBF63000C23BF /* Resources */ = {
			isa = PBXResourcesBuildPhase;
			buildActionMask = 2147483647;
			files = (
				52B27DEA2C3FBF64000C23BF /* Preview Assets.xcassets in Resources */,
				52B27DE72C3FBF64000C23BF /* Assets.xcassets in Resources */,
			);
			runOnlyForDeploymentPostprocessing = 0;
		};
/* End PBXResourcesBuildPhase section */

/* Begin PBXSourcesBuildPhase section */
		52B27DDB2C3FBF63000C23BF /* Sources */ = {
			isa = PBXSourcesBuildPhase;
			buildActionMask = 2147483647;
			files = (
				525599252C47B01B00F9D2B4 /* ToastView.swift in Sources */,
				52B27DF72C3FC037000C23BF /* CurrencyConversionRequest.swift in Sources */,
				52B27E172C3FF2BB000C23BF /* ConverterViewModel.swift in Sources */,
				52B27E032C3FC166000C23BF /* CountryCellView.swift in Sources */,
				52B27E252C45422A000C23BF /* CurrencyTextField.swift in Sources */,
				52A4AA592C45945400E477B1 /* CurrencyInfoView.swift in Sources */,
				52B27DF92C3FC04B000C23BF /* CurrencyConversionResponse.swift in Sources */,
				52B27E102C3FDC83000C23BF /* ConverterView.swift in Sources */,
				52B27DFD2C3FC0B3000C23BF /* NumberFormatterService.swift in Sources */,
				52B27E052C3FC785000C23BF /* CountryCellViewModel.swift in Sources */,
				525599272C47BB1800F9D2B4 /* ToastModifier.swift in Sources */,
				52B27E232C4504B5000C23BF /* CurrencyUITextField.swift in Sources */,
				52B27DF42C3FC013000C23BF /* RPCurrency.swift in Sources */,
				5255992A2C47BC3A00F9D2B4 /* View+Toast.swift in Sources */,
				520314372C465962005E621B /* CurrenciesViewModel.swift in Sources */,
				52B27DE32C3FBF63000C23BF /* RPConverterApp.swift in Sources */,
				52B27E132C3FEFB7000C23BF /* Endpoint.swift in Sources */,
				5255992D2C47C00D00F9D2B4 /* NetworkMonitor.swift in Sources */,
				52B27E152C3FEFFD000C23BF /* NetworkService.swift in Sources */,
				5255992F2C47C58300F9D2B4 /* View+Keyboard.swift in Sources */,
				52B27E0C2C3FCB95000C23BF /* CurrenciesView.swift in Sources */,
			);
			runOnlyForDeploymentPostprocessing = 0;
		};
/* End PBXSourcesBuildPhase section */

/* Begin XCBuildConfiguration section */
		52B27DEB2C3FBF64000C23BF /* Debug */ = {
			isa = XCBuildConfiguration;
			buildSettings = {
				ALWAYS_SEARCH_USER_PATHS = NO;
				ASSETCATALOG_COMPILER_GENERATE_SWIFT_ASSET_SYMBOL_EXTENSIONS = YES;
				CLANG_ANALYZER_NONNULL = YES;
				CLANG_ANALYZER_NUMBER_OBJECT_CONVERSION = YES_AGGRESSIVE;
				CLANG_CXX_LANGUAGE_STANDARD = "gnu++20";
				CLANG_ENABLE_MODULES = YES;
				CLANG_ENABLE_OBJC_ARC = YES;
				CLANG_ENABLE_OBJC_WEAK = YES;
				CLANG_WARN_BLOCK_CAPTURE_AUTORELEASING = YES;
				CLANG_WARN_BOOL_CONVERSION = YES;
				CLANG_WARN_COMMA = YES;
				CLANG_WARN_CONSTANT_CONVERSION = YES;
				CLANG_WARN_DEPRECATED_OBJC_IMPLEMENTATIONS = YES;
				CLANG_WARN_DIRECT_OBJC_ISA_USAGE = YES_ERROR;
				CLANG_WARN_DOCUMENTATION_COMMENTS = YES;
				CLANG_WARN_EMPTY_BODY = YES;
				CLANG_WARN_ENUM_CONVERSION = YES;
				CLANG_WARN_INFINITE_RECURSION = YES;
				CLANG_WARN_INT_CONVERSION = YES;
				CLANG_WARN_NON_LITERAL_NULL_CONVERSION = YES;
				CLANG_WARN_OBJC_IMPLICIT_RETAIN_SELF = YES;
				CLANG_WARN_OBJC_LITERAL_CONVERSION = YES;
				CLANG_WARN_OBJC_ROOT_CLASS = YES_ERROR;
				CLANG_WARN_QUOTED_INCLUDE_IN_FRAMEWORK_HEADER = YES;
				CLANG_WARN_RANGE_LOOP_ANALYSIS = YES;
				CLANG_WARN_STRICT_PROTOTYPES = YES;
				CLANG_WARN_SUSPICIOUS_MOVE = YES;
				CLANG_WARN_UNGUARDED_AVAILABILITY = YES_AGGRESSIVE;
				CLANG_WARN_UNREACHABLE_CODE = YES;
				CLANG_WARN__DUPLICATE_METHOD_MATCH = YES;
				COPY_PHASE_STRIP = NO;
				DEBUG_INFORMATION_FORMAT = dwarf;
				ENABLE_STRICT_OBJC_MSGSEND = YES;
				ENABLE_TESTABILITY = YES;
				ENABLE_USER_SCRIPT_SANDBOXING = YES;
				GCC_C_LANGUAGE_STANDARD = gnu17;
				GCC_DYNAMIC_NO_PIC = NO;
				GCC_NO_COMMON_BLOCKS = YES;
				GCC_OPTIMIZATION_LEVEL = 0;
				GCC_PREPROCESSOR_DEFINITIONS = (
					"DEBUG=1",
					"$(inherited)",
				);
				GCC_WARN_64_TO_32_BIT_CONVERSION = YES;
				GCC_WARN_ABOUT_RETURN_TYPE = YES_ERROR;
				GCC_WARN_UNDECLARED_SELECTOR = YES;
				GCC_WARN_UNINITIALIZED_AUTOS = YES_AGGRESSIVE;
				GCC_WARN_UNUSED_FUNCTION = YES;
				GCC_WARN_UNUSED_VARIABLE = YES;
				IPHONEOS_DEPLOYMENT_TARGET = 17.5;
				LOCALIZATION_PREFERS_STRING_CATALOGS = YES;
				MTL_ENABLE_DEBUG_INFO = INCLUDE_SOURCE;
				MTL_FAST_MATH = YES;
				ONLY_ACTIVE_ARCH = YES;
				SDKROOT = iphoneos;
				SWIFT_ACTIVE_COMPILATION_CONDITIONS = "DEBUG $(inherited)";
				SWIFT_OPTIMIZATION_LEVEL = "-Onone";
			};
			name = Debug;
		};
		52B27DEC2C3FBF64000C23BF /* Release */ = {
			isa = XCBuildConfiguration;
			buildSettings = {
				ALWAYS_SEARCH_USER_PATHS = NO;
				ASSETCATALOG_COMPILER_GENERATE_SWIFT_ASSET_SYMBOL_EXTENSIONS = YES;
				CLANG_ANALYZER_NONNULL = YES;
				CLANG_ANALYZER_NUMBER_OBJECT_CONVERSION = YES_AGGRESSIVE;
				CLANG_CXX_LANGUAGE_STANDARD = "gnu++20";
				CLANG_ENABLE_MODULES = YES;
				CLANG_ENABLE_OBJC_ARC = YES;
				CLANG_ENABLE_OBJC_WEAK = YES;
				CLANG_WARN_BLOCK_CAPTURE_AUTORELEASING = YES;
				CLANG_WARN_BOOL_CONVERSION = YES;
				CLANG_WARN_COMMA = YES;
				CLANG_WARN_CONSTANT_CONVERSION = YES;
				CLANG_WARN_DEPRECATED_OBJC_IMPLEMENTATIONS = YES;
				CLANG_WARN_DIRECT_OBJC_ISA_USAGE = YES_ERROR;
				CLANG_WARN_DOCUMENTATION_COMMENTS = YES;
				CLANG_WARN_EMPTY_BODY = YES;
				CLANG_WARN_ENUM_CONVERSION = YES;
				CLANG_WARN_INFINITE_RECURSION = YES;
				CLANG_WARN_INT_CONVERSION = YES;
				CLANG_WARN_NON_LITERAL_NULL_CONVERSION = YES;
				CLANG_WARN_OBJC_IMPLICIT_RETAIN_SELF = YES;
				CLANG_WARN_OBJC_LITERAL_CONVERSION = YES;
				CLANG_WARN_OBJC_ROOT_CLASS = YES_ERROR;
				CLANG_WARN_QUOTED_INCLUDE_IN_FRAMEWORK_HEADER = YES;
				CLANG_WARN_RANGE_LOOP_ANALYSIS = YES;
				CLANG_WARN_STRICT_PROTOTYPES = YES;
				CLANG_WARN_SUSPICIOUS_MOVE = YES;
				CLANG_WARN_UNGUARDED_AVAILABILITY = YES_AGGRESSIVE;
				CLANG_WARN_UNREACHABLE_CODE = YES;
				CLANG_WARN__DUPLICATE_METHOD_MATCH = YES;
				COPY_PHASE_STRIP = NO;
				DEBUG_INFORMATION_FORMAT = "dwarf-with-dsym";
				ENABLE_NS_ASSERTIONS = NO;
				ENABLE_STRICT_OBJC_MSGSEND = YES;
				ENABLE_USER_SCRIPT_SANDBOXING = YES;
				GCC_C_LANGUAGE_STANDARD = gnu17;
				GCC_NO_COMMON_BLOCKS = YES;
				GCC_WARN_64_TO_32_BIT_CONVERSION = YES;
				GCC_WARN_ABOUT_RETURN_TYPE = YES_ERROR;
				GCC_WARN_UNDECLARED_SELECTOR = YES;
				GCC_WARN_UNINITIALIZED_AUTOS = YES_AGGRESSIVE;
				GCC_WARN_UNUSED_FUNCTION = YES;
				GCC_WARN_UNUSED_VARIABLE = YES;
				IPHONEOS_DEPLOYMENT_TARGET = 17.5;
				LOCALIZATION_PREFERS_STRING_CATALOGS = YES;
				MTL_ENABLE_DEBUG_INFO = NO;
				MTL_FAST_MATH = YES;
				SDKROOT = iphoneos;
				SWIFT_COMPILATION_MODE = wholemodule;
				VALIDATE_PRODUCT = YES;
			};
			name = Release;
		};
		52B27DEE2C3FBF64000C23BF /* Debug */ = {
			isa = XCBuildConfiguration;
			buildSettings = {
				ASSETCATALOG_COMPILER_APPICON_NAME = AppIcon;
				ASSETCATALOG_COMPILER_GLOBAL_ACCENT_COLOR_NAME = AccentColor;
				CODE_SIGN_STYLE = Automatic;
				CURRENT_PROJECT_VERSION = 1;
				DEVELOPMENT_ASSET_PATHS = "\"RPConverter/Preview Content\"";
				DEVELOPMENT_TEAM = Z67C29K2Q6;
				ENABLE_PREVIEWS = YES;
				GENERATE_INFOPLIST_FILE = YES;
				INFOPLIST_KEY_UIApplicationSceneManifest_Generation = YES;
				INFOPLIST_KEY_UIApplicationSupportsIndirectInputEvents = YES;
				INFOPLIST_KEY_UILaunchScreen_Generation = YES;
				INFOPLIST_KEY_UISupportedInterfaceOrientations_iPad = "UIInterfaceOrientationPortrait UIInterfaceOrientationPortraitUpsideDown UIInterfaceOrientationLandscapeLeft UIInterfaceOrientationLandscapeRight";
				INFOPLIST_KEY_UISupportedInterfaceOrientations_iPhone = "UIInterfaceOrientationPortrait UIInterfaceOrientationLandscapeLeft UIInterfaceOrientationLandscapeRight";
				IPHONEOS_DEPLOYMENT_TARGET = 16.4;
				LD_RUNPATH_SEARCH_PATHS = (
					"$(inherited)",
					"@executable_path/Frameworks",
				);
				MARKETING_VERSION = 1.0;
				PRODUCT_BUNDLE_IDENTIFIER = com.bondar.RPConverter;
				PRODUCT_NAME = "$(TARGET_NAME)";
				SUPPORTED_PLATFORMS = "iphoneos iphonesimulator";
				SUPPORTS_MACCATALYST = NO;
				SUPPORTS_MAC_DESIGNED_FOR_IPHONE_IPAD = NO;
				SUPPORTS_XR_DESIGNED_FOR_IPHONE_IPAD = NO;
				SWIFT_EMIT_LOC_STRINGS = YES;
				SWIFT_VERSION = 5.0;
				TARGETED_DEVICE_FAMILY = 1;
			};
			name = Debug;
		};
		52B27DEF2C3FBF64000C23BF /* Release */ = {
			isa = XCBuildConfiguration;
			buildSettings = {
				ASSETCATALOG_COMPILER_APPICON_NAME = AppIcon;
				ASSETCATALOG_COMPILER_GLOBAL_ACCENT_COLOR_NAME = AccentColor;
				CODE_SIGN_STYLE = Automatic;
				CURRENT_PROJECT_VERSION = 1;
				DEVELOPMENT_ASSET_PATHS = "\"RPConverter/Preview Content\"";
				DEVELOPMENT_TEAM = Z67C29K2Q6;
				ENABLE_PREVIEWS = YES;
				GENERATE_INFOPLIST_FILE = YES;
				INFOPLIST_KEY_UIApplicationSceneManifest_Generation = YES;
				INFOPLIST_KEY_UIApplicationSupportsIndirectInputEvents = YES;
				INFOPLIST_KEY_UILaunchScreen_Generation = YES;
				INFOPLIST_KEY_UISupportedInterfaceOrientations_iPad = "UIInterfaceOrientationPortrait UIInterfaceOrientationPortraitUpsideDown UIInterfaceOrientationLandscapeLeft UIInterfaceOrientationLandscapeRight";
				INFOPLIST_KEY_UISupportedInterfaceOrientations_iPhone = "UIInterfaceOrientationPortrait UIInterfaceOrientationLandscapeLeft UIInterfaceOrientationLandscapeRight";
				IPHONEOS_DEPLOYMENT_TARGET = 16.4;
				LD_RUNPATH_SEARCH_PATHS = (
					"$(inherited)",
					"@executable_path/Frameworks",
				);
				MARKETING_VERSION = 1.0;
				PRODUCT_BUNDLE_IDENTIFIER = com.bondar.RPConverter;
				PRODUCT_NAME = "$(TARGET_NAME)";
				SUPPORTED_PLATFORMS = "iphoneos iphonesimulator";
				SUPPORTS_MACCATALYST = NO;
				SUPPORTS_MAC_DESIGNED_FOR_IPHONE_IPAD = NO;
				SUPPORTS_XR_DESIGNED_FOR_IPHONE_IPAD = NO;
				SWIFT_EMIT_LOC_STRINGS = YES;
				SWIFT_VERSION = 5.0;
				TARGETED_DEVICE_FAMILY = 1;
			};
			name = Release;
		};
/* End XCBuildConfiguration section */

/* Begin XCConfigurationList section */
		52B27DDA2C3FBF63000C23BF /* Build configuration list for PBXProject "RPConverter" */ = {
			isa = XCConfigurationList;
			buildConfigurations = (
				52B27DEB2C3FBF64000C23BF /* Debug */,
				52B27DEC2C3FBF64000C23BF /* Release */,
			);
			defaultConfigurationIsVisible = 0;
			defaultConfigurationName = Release;
		};
		52B27DED2C3FBF64000C23BF /* Build configuration list for PBXNativeTarget "RPConverter" */ = {
			isa = XCConfigurationList;
			buildConfigurations = (
				52B27DEE2C3FBF64000C23BF /* Debug */,
				52B27DEF2C3FBF64000C23BF /* Release */,
			);
			defaultConfigurationIsVisible = 0;
			defaultConfigurationName = Release;
		};
/* End XCConfigurationList section */
	};
	rootObject = 52B27DD72C3FBF63000C23BF /* Project object */;
}
